
Microsoft Visual Studio Solution File, Format Version 12.00
# Visual Studio Version 16
VisualStudioVersion = 16.0.30413.136
MinimumVisualStudioVersion = 10.0.40219.1
Project("{FAE04EC0-301F-11D3-BF4B-00C04F79EFBC}") = "ASP.NET_Core", "ASP.NET_Core\ASP.NET_Core.csproj", "{937B46E9-BD49-495D-9089-149E66D30C2B}"
EndProject
Global
	GlobalSection(SolutionConfigurationPlatforms) = preSolution
		Debug|Any CPU = Debug|Any CPU
		Release|Any CPU = Release|Any CPU
	EndGlobalSection
	GlobalSection(ProjectConfigurationPlatforms) = postSolution
		{937B46E9-BD49-495D-9089-149E66D30C2B}.Debug|Any CPU.ActiveCfg = Debug|Any CPU
		{937B46E9-BD49-495D-9089-149E66D30C2B}.Debug|Any CPU.Build.0 = Debug|Any CPU
		{937B46E9-BD49-495D-9089-149E66D30C2B}.Release|Any CPU.ActiveCfg = Release|Any CPU
		{937B46E9-BD49-495D-9089-149E66D30C2B}.Release|Any CPU.Build.0 = Release|Any CPU
	EndGlobalSection
	GlobalSection(SolutionProperties) = preSolution
		HideSolutionNode = FALSE
	EndGlobalSection
	GlobalSection(ExtensibilityGlobals) = postSolution
		SolutionGuid = {764D8CEB-333D-4949-AD9A-54AE8F1AA5FC}
	EndGlobalSection
EndGlobal
